# This file is autogenerated, do not edit; changes may be undone by the next 'dep ensure'.


[[projects]]
  digest = "1:b6972b7674d8805cdc47a3a75b4638c1208411514f64e91b106938e6d6f37acb"
  name = "github.com/kisielk/errcheck"
  packages = [
    ".",
    "errcheck",
  ]
  pruneopts = "UT"
  revision = "ee08a456fc430219ad80ce5af98415bcc027a219"
  version = "v1.5.0"

[[projects]]
  digest = "1:4c6e4e4e7d0f334dd6201c3172d9795c5c87e19b2612a83ec309c899c4aa0903"
  name = "golang.org/x/mod"
  packages = [
    "module",
    "semver",
  ]
  pruneopts = "UT"
  revision = "6ce8bb3f08e0e47592fe93e007071d86dcf214bb"
  version = "v0.4.1"

[[projects]]
  branch = "master"
  digest = "1:af7b8aca45b9fb0ab85a1dcc16372621e2d019a57f688753d3b16f48fc87a529"
  name = "golang.org/x/sys"
  packages = ["execabs"]
  pruneopts = "UT"
  revision = "b64e53b001e413bd5067f36d4e439eded3827374"

[[projects]]
  digest = "1:5af6d16efac689c41eb96f842a331e40cbc9e7bab1fbf54fee98fc738fa85892"
  name = "golang.org/x/tools"
  packages = [
    "cmd/goimports",
    "go/ast/astutil",
    "go/gcexportdata",
    "go/internal/gcimporter",
    "go/internal/packagesdriver",
    "go/packages",
    "go/types/typeutil",
    "internal/event",
    "internal/event/core",
    "internal/event/keys",
    "internal/event/label",
    "internal/fastwalk",
    "internal/gocommand",
    "internal/gopathwalk",
    "internal/imports",
    "internal/packagesinternal",
    "internal/typesinternal",
  ]
  pruneopts = "UT"
  revision = "fe37c9e135b934191089b245ac29325091462508"
  version = "v0.1.0"

[[projects]]
  branch = "master"
  digest = "1:918a46e4a2fb83df33f668f5a6bd51b2996775d073fce1800d3ec01b0a5ddd2b"
  name = "golang.org/x/xerrors"
  packages = [
    ".",
    "internal",
  ]
  pruneopts = "UT"
  revision = "5ec99f83aff198f5fbd629d6c8d8eb38a04218ca"

[solve-meta]
  analyzer-name = "dep"
  analyzer-version = 1
  input-imports = [
    "github.com/kisielk/errcheck",
    "golang.org/x/tools/cmd/goimports",
  ]
  solver-name = "gps-cdcl"
  solver-version = 1
