# This file is autogenerated, do not edit; changes may be undone by the next 'dep ensure'.


[[projects]]
  digest = "1:f8dcb812ada640177f3760bdbbfa61a9b13fa6f3c1dd0541b41ad20dd37a1da4"
  name = "github.com/99designs/gqlgen"
  packages = [
    "api",
    "codegen",
    "codegen/config",
    "codegen/templates",
    "complexity",
    "graphql",
    "graphql/introspection",
    "handler",
    "internal/code",
    "internal/imports",
    "plugin",
    "plugin/modelgen",
    "plugin/resolvergen",
    "plugin/schemaconfig",
  ]
  pruneopts = "UT"
  revision = "a7bc468ca1b184a5ce1b07ea331e0121fc56ae82"
  version = "v0.9.3"

[[projects]]
  digest = "1:c84a587136cb69cecc11f3dbe9f9001444044c0dba74997b07f7e4c150b07cda"
  name = "github.com/DATA-DOG/go-sqlmock"
  packages = ["."]
  pruneopts = "UT"
  revision = "3f9954f6f6697845b082ca57995849ddf614f450"
  version = "v1.3.3"

[[projects]]
  digest = "1:35a3c0cb74b67330a1593e1ca2bca87d914c372eb60ebccc0902743d8466e3d6"
  name = "github.com/agnivade/levenshtein"
  packages = ["."]
  pruneopts = "UT"
  revision = "5f1ee18e3efadffd18ef076ac4181cc92d87188c"
  version = "v1.0.3"

[[projects]]
  digest = "1:ffe9824d294da03b391f44e1ae8281281b4afc1bdaa9588c9097785e3af10cec"
  name = "github.com/davecgh/go-spew"
  packages = ["spew"]
  pruneopts = "UT"
  revision = "8991bc29aa16c548c550c7ff78260e27b9ab7c73"
  version = "v1.1.1"

[[projects]]
  digest = "1:76dc72490af7174349349838f2fe118996381b31ea83243812a97e5a0fd5ed55"
  name = "github.com/dgrijalva/jwt-go"
  packages = ["."]
  pruneopts = "UT"
  revision = "06ea1031745cb8b3dab3f6a236daf2b0aa468b7e"
  version = "v3.2.0"

[[projects]]
  branch = "master"
  digest = "1:08188cf7ce7027b22e88cc23da27f17349a0ba7746271a60cbe0a70266c2346f"
  name = "github.com/ghodss/yaml"
  packages = ["."]
  pruneopts = "UT"
  revision = "25d852aebe32c875e9c044af3eef9c7dc6bc777f"

[[projects]]
  digest = "1:5672cac2a0190dbb0658806e0f8e220ae4a4120451603504c22ef89a1126c109"
  name = "github.com/go-ozzo/ozzo-validation"
  packages = ["."]
  pruneopts = "UT"
  revision = "199b55b36bc1af151e6eea487cc92ffa5b460b81"
  version = "v3.6.0"

[[projects]]
  digest = "1:582e25eccee928dc12416ea4c23b6dae8f3b5687730632aa1473ebebe80a2359"
  name = "github.com/gogo/protobuf"
  packages = [
    "proto",
    "sortkeys",
  ]
  pruneopts = "UT"
  revision = "5628607bb4c51c3157aacc3a50f0ab707582b805"
  version = "v1.3.1"

[[projects]]
  digest = "1:a6181aca1fd5e27103f9a920876f29ac72854df7345a39f3b01e61c8c94cc8af"
  name = "github.com/google/gofuzz"
  packages = ["."]
  pruneopts = "UT"
  revision = "f140a6486e521aad38f5917de355cbf147cc0496"
  version = "v1.0.0"

[[projects]]
  digest = "1:582b704bebaa06b48c29b0cec224a6058a09c86883aaddabde889cd1a5f73e1b"
  name = "github.com/google/uuid"
  packages = ["."]
  pruneopts = "UT"
  revision = "0cd6bf5da1e1c83f8b45653022c74f71af0538a4"
  version = "v1.1.1"

[[projects]]
  digest = "1:cbec35fe4d5a4fba369a656a8cd65e244ea2c743007d8f6c1ccb132acf9d1296"
  name = "github.com/gorilla/mux"
  packages = ["."]
  pruneopts = "UT"
  revision = "00bdffe0f3c77e27d2cf6f5c70232a2d3e4d9c15"
  version = "v1.7.3"

[[projects]]
  digest = "1:e62657cca9badaa308d86e7716083e4c5933bb78e30a17743fc67f50be26f6f4"
  name = "github.com/gorilla/websocket"
  packages = ["."]
  pruneopts = "UT"
  revision = "c3e18be99d19e6b3e8f1559eea2c161a665c4b6b"
  version = "v1.4.1"

[[projects]]
  digest = "1:0ade334594e69404d80d9d323445d2297ff8161637f9b2d347cc6973d2d6f05b"
  name = "github.com/hashicorp/errwrap"
  packages = ["."]
  pruneopts = "UT"
  revision = "8a6fb523712970c966eefc6b39ed2c5e74880354"
  version = "v1.0.0"

[[projects]]
  digest = "1:f668349b83f7d779567c880550534addeca7ebadfdcf44b0b9c39be61864b4b7"
  name = "github.com/hashicorp/go-multierror"
  packages = ["."]
  pruneopts = "UT"
  revision = "886a7fbe3eb1c874d46f623bfa70af45f425b3d1"
  version = "v1.0.0"

[[projects]]
  digest = "1:c77361e611524ec8f2ad37c408c3c916111a70b6acf806a1200855696bf8fa4d"
  name = "github.com/hashicorp/golang-lru"
  packages = [
    ".",
    "simplelru",
  ]
  pruneopts = "UT"
  revision = "7f827b33c0f158ec5dfbba01bb0b14a4541fd81d"
  version = "v0.5.3"

[[projects]]
  digest = "1:6c41d4f998a03b6604227ccad36edaed6126c397e5d78709ef4814a1145a6757"
  name = "github.com/jmoiron/sqlx"
  packages = [
    ".",
    "reflectx",
  ]
  pruneopts = "UT"
  revision = "d161d7a76b5661016ad0b085869f77fd410f3e6a"
  version = "v1.2.0"

[[projects]]
  digest = "1:b472339040c571f1085e429ad08d94218bc3fc7a635c99fd95e3f80382413317"
  name = "github.com/kisielk/errcheck"
  packages = [
    ".",
    "internal/errcheck",
  ]
  pruneopts = "UT"
  revision = "e14f8d59a22d460d56c5ee92507cd94c78fbf274"

[[projects]]
  digest = "1:31e761d97c76151dde79e9d28964a812c46efc5baee4085b86f68f0c654450de"
  name = "github.com/konsorten/go-windows-terminal-sequences"
  packages = ["."]
  pruneopts = "UT"
  revision = "f55edac94c9bbba5d6182a4be46d86a2c9b5b50e"
  version = "v1.0.2"

[[projects]]
  digest = "1:ae6f5b200de028cbda56dac563997c1e907843fa49c3baa4a2011eb707a20bd2"
  name = "github.com/kyma-project/kyma"
  packages = [
    "components/console-backend-service/pkg/executor",
    "components/console-backend-service/pkg/signal",
  ]
  pruneopts = "UT"
  revision = "0559e17e79799aa1f32fb66a422f6c2277c95d6b"
  version = "1.7.0"

[[projects]]
  digest = "1:aea1c53d4757225e70d19ddd87e7843a25897b3c4f3901a2ab07e04586a5b76a"
  name = "github.com/lestrrat-go/jwx"
  packages = [
    "internal/base64",
    "internal/option",
    "jwa",
    "jwk",
  ]
  pruneopts = "UT"
  revision = "5d60d87d07ddea9874404944870bec81aabcf574"
  version = "v0.9.0"

[[projects]]
  digest = "1:12cb143f2148bf54bcd9fe622abac17325e85eeb1d84b8ec6caf1c80232108fd"
  name = "github.com/lib/pq"
  packages = [
    ".",
    "oid",
    "scram",
  ]
  pruneopts = "UT"
  revision = "3427c32cb71afc948325f299f040e53c1dd78979"
  version = "v1.2.0"

[[projects]]
  branch = "master"
  digest = "1:5d44d06262dd965f9db909ca181e6fabb0c1437c3e77cfe6aa52961f8cbc4f16"
  name = "github.com/machinebox/graphql"
  packages = ["."]
  pruneopts = "UT"
  revision = "3a92531802258604bd12793465c2e28bc4b2fc85"

[[projects]]
  branch = "master"
  digest = "1:4f971e961cc101712d18dbbd532813bbcd08c9984acceb55dff3fb86ed62ed5f"
  name = "github.com/oliveagle/jsonpath"
  packages = ["."]
  pruneopts = "UT"
  revision = "2e52cf6e685269ed8aefec6390f3cac3ef74e730"

[[projects]]
  digest = "1:cf31692c14422fa27c83a05292eb5cbe0fb2775972e8f1f8446a71549bd8980b"
  name = "github.com/pkg/errors"
  packages = ["."]
  pruneopts = "UT"
  revision = "ba968bfe8b2f7e042a574c888954fccecfa385b4"
  version = "v0.8.1"

[[projects]]
  digest = "1:0028cb19b2e4c3112225cd871870f2d9cf49b9b4276531f03438a88e94be86fe"
  name = "github.com/pmezard/go-difflib"
  packages = ["difflib"]
  pruneopts = "UT"
  revision = "792786c7400a136282c1664665ae0a8db921c6c2"
  version = "v1.0.0"

[[projects]]
  digest = "1:04457f9f6f3ffc5fea48e71d62f2ca256637dee0a04d710288e27e05c8b41976"
  name = "github.com/sirupsen/logrus"
  packages = ["."]
  pruneopts = "UT"
  revision = "839c75faf7f98a33d445d181f3018b5c3409a45e"
  version = "v1.4.2"

[[projects]]
  digest = "1:ac83cf90d08b63ad5f7e020ef480d319ae890c208f8524622a2f3136e2686b02"
  name = "github.com/stretchr/objx"
  packages = ["."]
  pruneopts = "UT"
  revision = "477a77ecc69700c7cdeb1fa9e129548e1c1c393c"
  version = "v0.1.1"

[[projects]]
  digest = "1:86562a966508283e1ce3f6de0be5a7d813070271d6e14dc5af3cd5863fee03a4"
  name = "github.com/stretchr/testify"
  packages = [
    "assert",
    "mock",
    "require",
  ]
  pruneopts = "UT"
  revision = "221dbe5ed46703ee255b1da0dec05086f5035f62"
  version = "v1.4.0"

[[projects]]
  digest = "1:831b94be76a8fe3b3b882e52752423070f1b2d7940ecc381cdac66ac01492bfd"
  name = "github.com/vektah/gqlparser"
  packages = [
    ".",
    "ast",
    "gqlerror",
    "lexer",
    "parser",
    "validator",
    "validator/rules",
  ]
  pruneopts = "UT"
  revision = "6b4a7854a7ef7ee3f626490d1e2d22a823828fc6"
  version = "v1.2.0"

[[projects]]
  digest = "1:bb32a7e267540d9f2d26753426d5e360c5bd858b9b78e26b9f0c99219024d8f5"
  name = "github.com/vrischmann/envconfig"
  packages = ["."]
  pruneopts = "UT"
  revision = "cf601e2565a0a7c7418ed014d28a507be6cb1e45"
  version = "v1.2.0"

[[projects]]
  branch = "master"
  digest = "1:87fe9bca786484cef53d52adeec7d1c52bc2bfbee75734eddeb75fc5c7023871"
  name = "github.com/xeipuuv/gojsonpointer"
  packages = ["."]
  pruneopts = "UT"
  revision = "02993c407bfbf5f6dae44c4f4b1cf6a39b5fc5bb"

[[projects]]
  branch = "master"
  digest = "1:dc6a6c28ca45d38cfce9f7cb61681ee38c5b99ec1425339bfc1e1a7ba769c807"
  name = "github.com/xeipuuv/gojsonreference"
  packages = ["."]
  pruneopts = "UT"
  revision = "bd5ef7bd5415a7ac448318e64f11a24cd21e594b"

[[projects]]
  digest = "1:8ac21ff5a6e85f32d70f2d10351bb55a2414b6f346894826b61dac894af5dc37"
  name = "github.com/xeipuuv/gojsonschema"
  packages = ["."]
  pruneopts = "UT"
  revision = "6a016cf16650f6be7151db7c3be6fc90a2c4d9b1"

[[projects]]
  branch = "master"
  digest = "1:45d1226bded9ce3b96ed5a0ba7de749dd6142058e47b0c5993501e38c394dfa7"
  name = "golang.org/x/net"
  packages = [
    "http/httpguts",
    "http2",
    "http2/hpack",
    "idna",
  ]
  pruneopts = "UT"
  revision = "fc4aabc6c91483155dade6fbb627cc953a723260"

[[projects]]
  branch = "master"
  digest = "1:fc96eb481f72e9a5edeb4bb3f3610d3b9384c036f7c1e39f8c0dedff23d0c34d"
  name = "golang.org/x/sys"
  packages = ["unix"]
  pruneopts = "UT"
  revision = "e882bf8e40c23f260d489ef820e5e8eead5e76e3"

[[projects]]
  digest = "1:8d8faad6b12a3a4c819a3f9618cb6ee1fa1cfc33253abeeea8b55336721e3405"
  name = "golang.org/x/text"
  packages = [
    "collate",
    "collate/build",
    "internal/colltab",
    "internal/gen",
    "internal/language",
    "internal/language/compact",
    "internal/tag",
    "internal/triegen",
    "internal/ucd",
    "language",
    "secure/bidirule",
    "transform",
    "unicode/bidi",
    "unicode/cldr",
    "unicode/norm",
    "unicode/rangetable",
  ]
  pruneopts = "UT"
  revision = "342b2e1fbaa52c93f31447ad2c6abc048c63e475"
  version = "v0.3.2"

[[projects]]
  branch = "master"
  digest = "1:54df367376d634844d5d7d9f0e49ee62d834f211bca5af016b5cc899ae0477e4"
  name = "golang.org/x/tools"
  packages = [
    "cmd/goimports",
    "go/ast/astutil",
    "go/gcexportdata",
    "go/internal/gcimporter",
    "go/internal/packagesdriver",
    "go/packages",
    "go/types/typeutil",
    "imports",
    "internal/fastwalk",
    "internal/gopathwalk",
    "internal/imports",
    "internal/module",
    "internal/semver",
    "internal/span",
  ]
  pruneopts = "UT"
  revision = "07fc4c7f2b9857711f6306c76424246e8d6eab64"

[[projects]]
  digest = "1:2d1fbdc6777e5408cabeb02bf336305e724b925ff4546ded0fa8715a7267922a"
  name = "gopkg.in/inf.v0"
  packages = ["."]
  pruneopts = "UT"
  revision = "d2d2541c53f18d2a059457998ce2876cc8e67cbf"
  version = "v0.9.1"

[[projects]]
  digest = "1:f26a5d382387e03a40d1471dddfba85dfff9bf05352d7e42d37612677c4d3c5c"
  name = "gopkg.in/yaml.v2"
  packages = ["."]
  pruneopts = "UT"
  revision = "f90ceb4f409096b60e2e9076b38b304b8246e5fa"
  version = "v2.2.5"

[[projects]]
  digest = "1:7a2c7542693e1878fea119497f18374f2917473929740f175eda368d5b313103"
  name = "k8s.io/apimachinery"
  packages = [
    "pkg/api/equality",
    "pkg/api/meta",
    "pkg/api/resource",
    "pkg/api/validation",
    "pkg/apis/meta/v1",
    "pkg/apis/meta/v1/validation",
    "pkg/apis/meta/v1beta1",
    "pkg/conversion",
    "pkg/conversion/queryparams",
    "pkg/fields",
    "pkg/labels",
    "pkg/runtime",
    "pkg/runtime/schema",
    "pkg/selection",
    "pkg/types",
    "pkg/util/errors",
    "pkg/util/intstr",
    "pkg/util/json",
    "pkg/util/naming",
    "pkg/util/net",
    "pkg/util/runtime",
    "pkg/util/sets",
    "pkg/util/validation",
    "pkg/util/validation/field",
    "pkg/watch",
    "third_party/forked/golang/reflect",
  ]
  pruneopts = "UT"
  revision = "6a84e37a896db9780c75367af8d2ed2bb944022e"
  version = "kubernetes-1.14.4"

[[projects]]
  digest = "1:93e82f25d75aba18436ad1ac042cb49493f096011f2541075721ed6f9e05c044"
  name = "k8s.io/klog"
  packages = ["."]
  pruneopts = "UT"
  revision = "2ca9ad30301bf30a8a6e0fa2110db6b8df699a91"
  version = "v1.0.0"

[solve-meta]
  analyzer-name = "dep"
  analyzer-version = 1
  input-imports = [
    "github.com/99designs/gqlgen/api",
    "github.com/99designs/gqlgen/codegen/config",
    "github.com/99designs/gqlgen/graphql",
    "github.com/99designs/gqlgen/graphql/introspection",
    "github.com/99designs/gqlgen/handler",
    "github.com/99designs/gqlgen/plugin",
    "github.com/DATA-DOG/go-sqlmock",
    "github.com/dgrijalva/jwt-go",
    "github.com/ghodss/yaml",
    "github.com/go-ozzo/ozzo-validation",
    "github.com/google/uuid",
    "github.com/gorilla/mux",
    "github.com/hashicorp/go-multierror",
    "github.com/jmoiron/sqlx",
    "github.com/kisielk/errcheck",
    "github.com/kyma-project/kyma/components/console-backend-service/pkg/executor",
    "github.com/kyma-project/kyma/components/console-backend-service/pkg/signal",
    "github.com/lestrrat-go/jwx/jwk",
    "github.com/lib/pq",
    "github.com/machinebox/graphql",
    "github.com/oliveagle/jsonpath",
    "github.com/pkg/errors",
    "github.com/sirupsen/logrus",
    "github.com/stretchr/testify/assert",
    "github.com/stretchr/testify/mock",
    "github.com/stretchr/testify/require",
    "github.com/vektah/gqlparser",
    "github.com/vektah/gqlparser/ast",
    "github.com/vrischmann/envconfig",
    "github.com/xeipuuv/gojsonschema",
    "golang.org/x/tools/cmd/goimports",
    "k8s.io/apimachinery/pkg/api/validation",
  ]
  solver-name = "gps-cdcl"
  solver-version = 1
