github.com/gorilla/mux v1.7.3 h1:gnP5JzjVOuiZD07fKKToCAOjS0yOpj/qPETTXCCS6hw=
github.com/gorilla/mux v1.7.3/go.mod h1:1lud6UwP+6orDFRuTfBEV8e9/aOM/c4fVVCaMa2zaAs=
github.com/pkg/errors v0.9.0 h1:J8lpUdobwIeCI7OiSxHqEwJUKvJwicL5+3v1oe2Yb4k=
github.com/pkg/errors v0.9.0/go.mod h1:bwawxfHBFNV+L2hUp1rHADufV3IMtnDRdf1r5NINEl0=
github.com/vrischmann/envconfig v1.2.0 h1:5/u4fI34/g3m0SdTQj/6f3r640jv9E5+yTXIZOWsxk0=
github.com/vrischmann/envconfig v1.2.0/go.mod h1:c5DuUlkzfsnspy1g7qiqryPCsW+NjsrLsYq4zhwsoHo=
