# This file is autogenerated, do not edit; changes may be undone by the next 'dep ensure'.


[[projects]]
  digest = "1:711cd11b4ae785822be831e4c5072963f6f8e32fef376d1796501e5b2a62b997"
  name = "github.com/99designs/gqlgen"
  packages = [
    "graphql",
    "graphql/introspection",
  ]
  pruneopts = "UT"
  revision = "efb6efe06c6e4fc706440acebf6f81fff85f295c"
  version = "v0.10.1"

[[projects]]
  digest = "1:3b10c6fd33854dc41de2cf78b7bae105da94c2789b6fa5b9ac9e593ea43484ac"
  name = "github.com/Masterminds/goutils"
  packages = ["."]
  pruneopts = "UT"
  revision = "41ac8693c5c10a92ea1ff5ac3a7f95646f6123b0"
  version = "v1.1.0"

[[projects]]
  digest = "1:a5f0485ed2aad9b9c6a730815d1f2bc92b0acc126d7ee8e36c1a51882fc284f5"
  name = "github.com/Masterminds/semver"
  packages = ["."]
  pruneopts = "UT"
  revision = "25911d36c978be5eb3e81847734874fd4e1dc6c7"
  version = "v3.0.2"

[[projects]]
  digest = "1:b565deb585c50ab8e94fe5d6c9903f1495970b97814803e4ab0e70c0a9c87a30"
  name = "github.com/Masterminds/sprig"
  packages = ["."]
  pruneopts = "UT"
  revision = "e4c0945838d570720d876a6ad9b4568ed32317b4"
  version = "v2.22.0"

[[projects]]
  digest = "1:35a3c0cb74b67330a1593e1ca2bca87d914c372eb60ebccc0902743d8466e3d6"
  name = "github.com/agnivade/levenshtein"
  packages = ["."]
  pruneopts = "UT"
  revision = "5f1ee18e3efadffd18ef076ac4181cc92d87188c"
  version = "v1.0.3"

[[projects]]
  digest = "1:6c7e9c6eaab0e5579b85151932e4e11347cd2869a97b2a098b80a872abe561d6"
  name = "github.com/avast/retry-go"
  packages = ["."]
  pruneopts = "UT"
  revision = "a322e24d96313ab405dec28ad5711f036c6d25a3"
  version = "v2.4.2"

[[projects]]
  digest = "1:ffe9824d294da03b391f44e1ae8281281b4afc1bdaa9588c9097785e3af10cec"
  name = "github.com/davecgh/go-spew"
  packages = ["spew"]
  pruneopts = "UT"
  revision = "8991bc29aa16c548c550c7ff78260e27b9ab7c73"
  version = "v1.1.1"

[[projects]]
  digest = "1:76dc72490af7174349349838f2fe118996381b31ea83243812a97e5a0fd5ed55"
  name = "github.com/dgrijalva/jwt-go"
  packages = ["."]
  pruneopts = "UT"
  revision = "06ea1031745cb8b3dab3f6a236daf2b0aa468b7e"
  version = "v3.2.0"

[[projects]]
  digest = "1:582b704bebaa06b48c29b0cec224a6058a09c86883aaddabde889cd1a5f73e1b"
  name = "github.com/google/uuid"
  packages = ["."]
  pruneopts = "UT"
  revision = "0cd6bf5da1e1c83f8b45653022c74f71af0538a4"
  version = "v1.1.1"

[[projects]]
  digest = "1:f9a5e090336881be43cfc1cf468330c1bdd60abdc9dd194e0b1ab69f4b94dd7c"
  name = "github.com/huandu/xstrings"
  packages = ["."]
  pruneopts = "UT"
  revision = "f02667b379e2fb5916c3cda2cf31e0eb885d79f8"
  version = "v1.2.0"

[[projects]]
  digest = "1:78d28d5b84a26159c67ea51996a230da4bc07cac648adaae1dfb5fc0ec8e40d3"
  name = "github.com/imdario/mergo"
  packages = ["."]
  pruneopts = "UT"
  revision = "1afb36080aec31e0d1528973ebe6721b191b0369"
  version = "v0.3.8"

[[projects]]
  digest = "1:b472339040c571f1085e429ad08d94218bc3fc7a635c99fd95e3f80382413317"
  name = "github.com/kisielk/errcheck"
  packages = [
    ".",
    "internal/errcheck",
  ]
  pruneopts = "UT"
  revision = "e14f8d59a22d460d56c5ee92507cd94c78fbf274"

[[projects]]
  digest = "1:31e761d97c76151dde79e9d28964a812c46efc5baee4085b86f68f0c654450de"
  name = "github.com/konsorten/go-windows-terminal-sequences"
  packages = ["."]
  pruneopts = "UT"
  revision = "f55edac94c9bbba5d6182a4be46d86a2c9b5b50e"
  version = "v1.0.2"

[[projects]]
  branch = "master"
  digest = "1:d32852e0a3347599aacd107e7513a576545e5c3982330f8a752e69006a1c9893"
  name = "github.com/kyma-incubator/compass"
  packages = [
    "components/director/pkg/graphql",
    "components/director/pkg/scalar",
  ]
  pruneopts = "UT"
  revision = "052677e364822c62c7312db173bc1d54393eaee3"

[[projects]]
  branch = "master"
  digest = "1:5d44d06262dd965f9db909ca181e6fabb0c1437c3e77cfe6aa52961f8cbc4f16"
  name = "github.com/machinebox/graphql"
  packages = ["."]
  pruneopts = "UT"
  revision = "3a92531802258604bd12793465c2e28bc4b2fc85"

[[projects]]
  digest = "1:09ca328575f38b80969ccf857f6d7302f2ce09d53778ea7aaba526cfd2cec739"
  name = "github.com/mitchellh/copystructure"
  packages = ["."]
  pruneopts = "UT"
  revision = "9a1b6f44e8da0e0e374624fb0a825a231b00c537"
  version = "v1.0.0"

[[projects]]
  digest = "1:2a7e6f8bebdca6bd8bc359c37f01ae1c4ea4f8481eaabf93b1ae4863f15b72c7"
  name = "github.com/mitchellh/reflectwalk"
  packages = ["."]
  pruneopts = "UT"
  revision = "3e2c75dfad4fbf904b58782a80fd595c760ad185"
  version = "v1.0.1"

[[projects]]
  digest = "1:cf31692c14422fa27c83a05292eb5cbe0fb2775972e8f1f8446a71549bd8980b"
  name = "github.com/pkg/errors"
  packages = ["."]
  pruneopts = "UT"
  revision = "ba968bfe8b2f7e042a574c888954fccecfa385b4"
  version = "v0.8.1"

[[projects]]
  digest = "1:0028cb19b2e4c3112225cd871870f2d9cf49b9b4276531f03438a88e94be86fe"
  name = "github.com/pmezard/go-difflib"
  packages = ["difflib"]
  pruneopts = "UT"
  revision = "792786c7400a136282c1664665ae0a8db921c6c2"
  version = "v1.0.0"

[[projects]]
  digest = "1:04457f9f6f3ffc5fea48e71d62f2ca256637dee0a04d710288e27e05c8b41976"
  name = "github.com/sirupsen/logrus"
  packages = ["."]
  pruneopts = "UT"
  revision = "839c75faf7f98a33d445d181f3018b5c3409a45e"
  version = "v1.4.2"

[[projects]]
  digest = "1:99d32780e5238c2621fff621123997c3e3cca96db8be13179013aea77dfab551"
  name = "github.com/stretchr/testify"
  packages = [
    "assert",
    "require",
  ]
  pruneopts = "UT"
  revision = "221dbe5ed46703ee255b1da0dec05086f5035f62"
  version = "v1.4.0"

[[projects]]
  digest = "1:831b94be76a8fe3b3b882e52752423070f1b2d7940ecc381cdac66ac01492bfd"
  name = "github.com/vektah/gqlparser"
  packages = [
    ".",
    "ast",
    "gqlerror",
    "lexer",
    "parser",
    "validator",
    "validator/rules",
  ]
  pruneopts = "UT"
  revision = "6b4a7854a7ef7ee3f626490d1e2d22a823828fc6"
  version = "v1.2.0"

[[projects]]
  digest = "1:bb32a7e267540d9f2d26753426d5e360c5bd858b9b78e26b9f0c99219024d8f5"
  name = "github.com/vrischmann/envconfig"
  packages = ["."]
  pruneopts = "UT"
  revision = "cf601e2565a0a7c7418ed014d28a507be6cb1e45"
  version = "v1.2.0"

[[projects]]
  branch = "master"
  digest = "1:39628c44b67004cdd7ff753f6490588b87defe2569413378719d7e4f92df352d"
  name = "golang.org/x/crypto"
  packages = [
    "pbkdf2",
    "scrypt",
  ]
  pruneopts = "UT"
  revision = "e1110fd1c708ef015366ea01799a23c459593c47"

[[projects]]
  branch = "master"
  digest = "1:46cdc35c1813b1ebcb372087e78ff161f1bafee8ecd268a54f21d15c5fcfdc0a"
  name = "golang.org/x/net"
  packages = [
    "html",
    "html/atom",
  ]
  pruneopts = "UT"
  revision = "2180aed2234323691e9fd264fb1d32d20ff04b27"

[[projects]]
  branch = "master"
  digest = "1:824b4d14e35e35e821d3127319e51eb838f72434100750ad395db96d00b5a871"
  name = "golang.org/x/sys"
  packages = ["unix"]
  pruneopts = "UT"
  revision = "4c7a9d0fe056d9d1de37e1409ca8a5c17accb46a"

[[projects]]
  branch = "master"
  digest = "1:c6844361728aad543b24489ce34dd854487d3fb19b7d6b7eca111e318e82b00c"
  name = "golang.org/x/tools"
  packages = [
    "cmd/goimports",
    "go/ast/astutil",
    "go/gcexportdata",
    "go/internal/gcimporter",
    "go/internal/packagesdriver",
    "go/packages",
    "go/types/typeutil",
    "internal/fastwalk",
    "internal/gopathwalk",
    "internal/imports",
    "internal/module",
    "internal/semver",
    "internal/span",
  ]
  pruneopts = "UT"
  revision = "4191b8cbba092238a318a71cdff48b20b4e1e5d8"

[[projects]]
  digest = "1:f26a5d382387e03a40d1471dddfba85dfff9bf05352d7e42d37612677c4d3c5c"
  name = "gopkg.in/yaml.v2"
  packages = ["."]
  pruneopts = "UT"
  revision = "f90ceb4f409096b60e2e9076b38b304b8246e5fa"
  version = "v2.2.5"

[solve-meta]
  analyzer-name = "dep"
  analyzer-version = 1
  input-imports = [
    "github.com/Masterminds/sprig",
    "github.com/avast/retry-go",
    "github.com/dgrijalva/jwt-go",
    "github.com/google/uuid",
    "github.com/kisielk/errcheck",
    "github.com/kyma-incubator/compass/components/director/pkg/graphql",
    "github.com/machinebox/graphql",
    "github.com/pkg/errors",
    "github.com/sirupsen/logrus",
    "github.com/stretchr/testify/assert",
    "github.com/stretchr/testify/require",
    "github.com/vrischmann/envconfig",
    "golang.org/x/net/html",
    "golang.org/x/tools/cmd/goimports",
  ]
  solver-name = "gps-cdcl"
  solver-version = 1
