# This file is autogenerated, do not edit; changes may be undone by the next 'dep ensure'.


[[projects]]
  digest = "1:2fc3d482b7a75c656f8c746bfadbd63bdd91a828209d42425b4f90dad165120c"
  name = "code.cloudfoundry.org/lager"
  packages = ["."]
  pruneopts = "UT"
  revision = "b152b7147a2a0154109a5194fcc7f4a933283abb"
  version = "v2.0.0"

[[projects]]
  digest = "1:f84da532ef028ec1a939c4086e44cae3a2463a6679c31614fc23c325565b813f"
  name = "github.com/99designs/gqlgen"
  packages = [
    "graphql",
    "graphql/introspection",
  ]
  pruneopts = "UT"
  revision = "f276a4e6773992c572119b22821d375ad008c53d"
  version = "v0.10.2"

[[projects]]
  digest = "1:3b10c6fd33854dc41de2cf78b7bae105da94c2789b6fa5b9ac9e593ea43484ac"
  name = "github.com/Masterminds/goutils"
  packages = ["."]
  pruneopts = "UT"
  revision = "41ac8693c5c10a92ea1ff5ac3a7f95646f6123b0"
  version = "v1.1.0"

[[projects]]
  digest = "1:f313598719f69ec4edbcd75b0f2ef1c8ed9e00f6ff3d7583ac3966db2d70d326"
  name = "github.com/Masterminds/semver"
  packages = ["."]
  pruneopts = "UT"
  revision = "910aa146bd66780c2815d652b92a7fc5331e533c"
  version = "v3.0.3"

[[projects]]
  digest = "1:b565deb585c50ab8e94fe5d6c9903f1495970b97814803e4ab0e70c0a9c87a30"
  name = "github.com/Masterminds/sprig"
  packages = ["."]
  pruneopts = "UT"
  revision = "e4c0945838d570720d876a6ad9b4568ed32317b4"
  version = "v2.22.0"

[[projects]]
  digest = "1:d5e752c67b445baa5b6cb6f8aa706775c2aa8e41aca95a0c651520ff2c80361a"
  name = "github.com/Microsoft/go-winio"
  packages = [
    ".",
    "pkg/guid",
  ]
  pruneopts = "UT"
  revision = "6c72808b55902eae4c5943626030429ff20f3b63"
  version = "v0.4.14"

[[projects]]
  digest = "1:a016e57f325d85689045538e4debb24ba88a4a0d24328cfa4993161bbd56c958"
  name = "github.com/Microsoft/hcsshim"
  packages = ["osversion"]
  pruneopts = "UT"
  revision = "b3f49c06ffaeef24d09c6c08ec8ec8425a0303e2"
  version = "v0.8.7"

[[projects]]
  digest = "1:35a3c0cb74b67330a1593e1ca2bca87d914c372eb60ebccc0902743d8466e3d6"
  name = "github.com/agnivade/levenshtein"
  packages = ["."]
  pruneopts = "UT"
  revision = "5f1ee18e3efadffd18ef076ac4181cc92d87188c"
  version = "v1.0.3"

[[projects]]
  digest = "1:bc7e9c56408594a678dd165db7c579c2498a3c9eab9b308099820ddbfe85b720"
  name = "github.com/cenkalti/backoff"
  packages = ["."]
  pruneopts = "UT"
  revision = "a9a4cec6c9a26336ca42700ccc319ca842be56c0"
  version = "v4.0.0"

[[projects]]
  digest = "1:771809465d2d81b1e2631f0e062b7458647135b2eca9e1cc577e58d1db0d987f"
  name = "github.com/containerd/containerd"
  packages = ["errdefs"]
  pruneopts = "UT"
  revision = "acdcf13d5eaf0dfe0eaeabe7194a82535549bc2b"

[[projects]]
  branch = "master"
  digest = "1:e2b0d05cb123ca1b1fe373495f943baad7afea38d898743635e30dd97d699a28"
  name = "github.com/containerd/continuity"
  packages = [
    "fs",
    "syscallx",
    "sysx",
  ]
  pruneopts = "UT"
  revision = "26c1120b8d4107d2471b93ad78ef7ce1fc84c4c4"

[[projects]]
  digest = "1:ffe9824d294da03b391f44e1ae8281281b4afc1bdaa9588c9097785e3af10cec"
  name = "github.com/davecgh/go-spew"
  packages = ["spew"]
  pruneopts = "UT"
  revision = "8991bc29aa16c548c550c7ff78260e27b9ab7c73"
  version = "v1.1.1"

[[projects]]
  digest = "1:5d7f88f9487f370e3ae52155465156370fc5798102d811d2d4448d2385ccaf67"
  name = "github.com/docker/distribution"
  packages = [
    "digestset",
    "reference",
    "registry/api/errcode",
  ]
  pruneopts = "UT"
  revision = "2461543d988979529609e8cb6fca9ca190dc48da"
  version = "v2.7.1"

[[projects]]
  branch = "master"
  digest = "1:3006785294ea7b8359c183900ea595f4d2bb3a122ccd9be718719653e81f92a1"
  name = "github.com/docker/docker"
  packages = [
    "api",
    "api/types",
    "api/types/blkiodev",
    "api/types/container",
    "api/types/events",
    "api/types/filters",
    "api/types/image",
    "api/types/mount",
    "api/types/network",
    "api/types/registry",
    "api/types/strslice",
    "api/types/swarm",
    "api/types/swarm/runtime",
    "api/types/time",
    "api/types/versions",
    "api/types/volume",
    "client",
    "errdefs",
    "pkg/archive",
    "pkg/fileutils",
    "pkg/idtools",
    "pkg/ioutils",
    "pkg/longpath",
    "pkg/mount",
    "pkg/pools",
    "pkg/system",
  ]
  pruneopts = "UT"
  revision = "f7065313ec87960bde830a1092331d4cf91a826c"

[[projects]]
  digest = "1:811c86996b1ca46729bad2724d4499014c4b9effd05ef8c71b852aad90deb0ce"
  name = "github.com/docker/go-connections"
  packages = [
    "nat",
    "sockets",
    "tlsconfig",
  ]
  pruneopts = "UT"
  revision = "7395e3f8aa162843a74ed6d48e79627d9792ac55"
  version = "v0.4.0"

[[projects]]
  digest = "1:e95ef557dc3120984bb66b385ae01b4bb8ff56bcde28e7b0d1beed0cccc4d69f"
  name = "github.com/docker/go-units"
  packages = ["."]
  pruneopts = "UT"
  revision = "519db1ee28dcc9fd2474ae59fca29a810482bfb1"
  version = "v0.4.0"

[[projects]]
  digest = "1:e43e924cdda2208737c20b6b1c8c03d3c7a2114273cd33bb6d00418c0f95ac1e"
  name = "github.com/gocraft/dbr"
  packages = [
    ".",
    "dialect",
  ]
  pruneopts = "UT"
  revision = "8114670a83bd7b6dd19a2eb21c6ad88822c56414"
  version = "v2.6.1"

[[projects]]
  digest = "1:48092bf6632f55839850666c33469f546f6d45fdbd59a66759ec12e84d853dc2"
  name = "github.com/gogo/protobuf"
  packages = ["proto"]
  pruneopts = "UT"
  revision = "ba06b47c162d49f2af050fb4c75bcbc86a159d5c"
  version = "v1.2.1"

[[projects]]
  digest = "1:f5ce1529abc1204444ec73779f44f94e2fa8fcdb7aca3c355b0c95947e4005c6"
  name = "github.com/golang/protobuf"
  packages = [
    "proto",
    "ptypes",
    "ptypes/any",
    "ptypes/duration",
    "ptypes/timestamp",
  ]
  pruneopts = "UT"
  revision = "6c65a5562fc06764971b7c5d05c76c75e84bdbf7"
  version = "v1.3.2"

[[projects]]
  digest = "1:582b704bebaa06b48c29b0cec224a6058a09c86883aaddabde889cd1a5f73e1b"
  name = "github.com/google/uuid"
  packages = ["."]
  pruneopts = "UT"
  revision = "0cd6bf5da1e1c83f8b45653022c74f71af0538a4"
  version = "v1.1.1"

[[projects]]
  digest = "1:b117faf01abdbdadd7b8ceeae74cd1369c1b073fef41aee8b674c9d704a54c16"
  name = "github.com/gorilla/handlers"
  packages = ["."]
  pruneopts = "UT"
  revision = "8a3748addc242fc560bd6d4ff28b0374c010b1b4"
  version = "v1.4.2"

[[projects]]
  digest = "1:cbec35fe4d5a4fba369a656a8cd65e244ea2c743007d8f6c1ccb132acf9d1296"
  name = "github.com/gorilla/mux"
  packages = ["."]
  pruneopts = "UT"
  revision = "00bdffe0f3c77e27d2cf6f5c70232a2d3e4d9c15"
  version = "v1.7.3"

[[projects]]
  digest = "1:7e9014f41c8285f91b8f6170a30f633532c8d095b4ead42024e1f460c0ac497d"
  name = "github.com/huandu/xstrings"
  packages = ["."]
  pruneopts = "UT"
  revision = "874a673206bf7a5c86d29876dfeaccca0922ab62"
  version = "v1.2.1"

[[projects]]
  digest = "1:78d28d5b84a26159c67ea51996a230da4bc07cac648adaae1dfb5fc0ec8e40d3"
  name = "github.com/imdario/mergo"
  packages = ["."]
  pruneopts = "UT"
  revision = "1afb36080aec31e0d1528973ebe6721b191b0369"
  version = "v0.3.8"

[[projects]]
  digest = "1:31e761d97c76151dde79e9d28964a812c46efc5baee4085b86f68f0c654450de"
  name = "github.com/konsorten/go-windows-terminal-sequences"
  packages = ["."]
  pruneopts = "UT"
  revision = "f55edac94c9bbba5d6182a4be46d86a2c9b5b50e"
  version = "v1.0.2"

[[projects]]
  digest = "1:9fbfadf72bec89c4e83dd0b553820a16bf0be0f62431ac68e22937f6158be5f7"
  name = "github.com/kyma-incubator/compass"
  packages = [
    "components/provisioner/pkg/gqlschema",
    "tests/provisioner-tests/test/testkit/graphql",
  ]
  pruneopts = "UT"
  revision = "9aebb389a40600880243fb04efea85c2d1408a33"

[[projects]]
  digest = "1:9ff22c26414baf7deaf74f2a788fe7b97666048bcbe346c52cfe823442abbdfb"
  name = "github.com/lib/pq"
  packages = [
    ".",
    "oid",
    "scram",
  ]
  pruneopts = "UT"
  revision = "99274577be97ac9b1d95a2d61d566dc9b7cc6a54"
  version = "v1.3.0"

[[projects]]
  digest = "1:d86c8eb7189141c0e902fd8dcf6e79b8feea523978018e20f2ac794626ad0f63"
  name = "github.com/machinebox/graphql"
  packages = ["."]
  pruneopts = "UT"
  revision = "05b17f3157491bbfa5d6fc2006443a272d960d15"
  version = "v0.2.2"

[[projects]]
  digest = "1:09ca328575f38b80969ccf857f6d7302f2ce09d53778ea7aaba526cfd2cec739"
  name = "github.com/mitchellh/copystructure"
  packages = ["."]
  pruneopts = "UT"
  revision = "9a1b6f44e8da0e0e374624fb0a825a231b00c537"
  version = "v1.0.0"

[[projects]]
  digest = "1:2a7e6f8bebdca6bd8bc359c37f01ae1c4ea4f8481eaabf93b1ae4863f15b72c7"
  name = "github.com/mitchellh/reflectwalk"
  packages = ["."]
  pruneopts = "UT"
  revision = "3e2c75dfad4fbf904b58782a80fd595c760ad185"
  version = "v1.0.1"

[[projects]]
  digest = "1:37423212694a4316f48e0bbac8e4f1fd366a384a286fbaa7d80baf99d86f0416"
  name = "github.com/opencontainers/go-digest"
  packages = ["."]
  pruneopts = "UT"
  revision = "a6d0ee40d4207ea02364bd3b9e8e77b9159ba1eb"

[[projects]]
  digest = "1:11db38d694c130c800d0aefb502fb02519e514dc53d9804ce51d1ad25ec27db6"
  name = "github.com/opencontainers/image-spec"
  packages = [
    "specs-go",
    "specs-go/v1",
  ]
  pruneopts = "UT"
  revision = "d60099175f88c47cd379c4738d158884749ed235"
  version = "v1.0.1"

[[projects]]
  digest = "1:18d6ebfbabffccba7318a4e26028b0d41f23ff359df3dc07a53b37a9f3a4a994"
  name = "github.com/opencontainers/runc"
  packages = [
    "libcontainer/system",
    "libcontainer/user",
  ]
  pruneopts = "UT"
  revision = "d736ef14f0288d6993a1845745d6756cfc9ddd5a"
  version = "v1.0.0-rc9"

[[projects]]
  digest = "1:e5d0bd87abc2781d14e274807a470acd180f0499f8bf5bb18606e9ec22ad9de9"
  name = "github.com/pborman/uuid"
  packages = ["."]
  pruneopts = "UT"
  revision = "adf5a7427709b9deb95d29d3fa8a2bf9cfd388f1"
  version = "v1.2"

[[projects]]
  digest = "1:8c9d2695a93ed5e9f131acca92e0db10a5d7dd1fbd3091c5f1ea2245a40a30cd"
  name = "github.com/pivotal-cf/brokerapi"
  packages = [
    ".",
    "domain",
    "v7/auth",
    "v7/domain",
    "v7/domain/apiresponses",
    "v7/handlers",
    "v7/middlewares",
    "v7/utils",
  ]
  pruneopts = "UT"
  revision = "c6d8338e2a6ae0313e16c8658f916bfdf2441f03"
  version = "v7.1.0"

[[projects]]
  digest = "1:cf31692c14422fa27c83a05292eb5cbe0fb2775972e8f1f8446a71549bd8980b"
  name = "github.com/pkg/errors"
  packages = ["."]
  pruneopts = "UT"
  revision = "ba968bfe8b2f7e042a574c888954fccecfa385b4"
  version = "v0.8.1"

[[projects]]
  digest = "1:0028cb19b2e4c3112225cd871870f2d9cf49b9b4276531f03438a88e94be86fe"
  name = "github.com/pmezard/go-difflib"
  packages = ["difflib"]
  pruneopts = "UT"
  revision = "792786c7400a136282c1664665ae0a8db921c6c2"
  version = "v1.0.0"

[[projects]]
  digest = "1:557c675b127d3ffdb1e6830f5f14e747da291c21a7b9e1230ec83c9d7f2246d0"
  name = "github.com/sanity-io/litter"
  packages = ["."]
  pruneopts = "UT"
  revision = "6d3310f9743f04a36bd5c898067ecb80ac3b332b"
  version = "v1.2.0"

[[projects]]
  digest = "1:274f67cb6fed9588ea2521ecdac05a6d62a8c51c074c1fccc6a49a40ba80e925"
  name = "github.com/satori/go.uuid"
  packages = ["."]
  pruneopts = "UT"
  revision = "f58768cc1a7a7e77a3bd49e98cdd21419399b6a3"
  version = "v1.2.0"

[[projects]]
  digest = "1:04457f9f6f3ffc5fea48e71d62f2ca256637dee0a04d710288e27e05c8b41976"
  name = "github.com/sirupsen/logrus"
  packages = ["."]
  pruneopts = "UT"
  revision = "839c75faf7f98a33d445d181f3018b5c3409a45e"
  version = "v1.4.2"

[[projects]]
  digest = "1:99d32780e5238c2621fff621123997c3e3cca96db8be13179013aea77dfab551"
  name = "github.com/stretchr/testify"
  packages = [
    "assert",
    "require",
  ]
  pruneopts = "UT"
  revision = "221dbe5ed46703ee255b1da0dec05086f5035f62"
  version = "v1.4.0"

[[projects]]
  digest = "1:f3a9021019e656eb0fd2d22d55835e6503b8f0002bd6852f57d70ffc2a64bae5"
  name = "github.com/testcontainers/testcontainers-go"
  packages = [
    ".",
    "wait",
  ]
  pruneopts = "UT"
  revision = "0c6fcb48ff1cfa4d82a45b587e76b3588a4dc192"
  version = "v0.0.10"

[[projects]]
  digest = "1:831b94be76a8fe3b3b882e52752423070f1b2d7940ecc381cdac66ac01492bfd"
  name = "github.com/vektah/gqlparser"
  packages = [
    ".",
    "ast",
    "gqlerror",
    "lexer",
    "parser",
    "validator",
    "validator/rules",
  ]
  pruneopts = "UT"
  revision = "1315dbaf2eab07d828e3e198a9a699e686b2b594"
  version = "v1.2.1"

[[projects]]
  digest = "1:bb32a7e267540d9f2d26753426d5e360c5bd858b9b78e26b9f0c99219024d8f5"
  name = "github.com/vrischmann/envconfig"
  packages = ["."]
  pruneopts = "UT"
  revision = "cf601e2565a0a7c7418ed014d28a507be6cb1e45"
  version = "v1.2.0"

[[projects]]
  branch = "master"
  digest = "1:39628c44b67004cdd7ff753f6490588b87defe2569413378719d7e4f92df352d"
  name = "golang.org/x/crypto"
  packages = [
    "pbkdf2",
    "scrypt",
  ]
  pruneopts = "UT"
  revision = "61a87790db17894570dfb32dbaa0a4af9ce60cb4"

[[projects]]
  branch = "master"
  digest = "1:3587bbb18e3d5299dc0020733e2839138afb0a29456ffd4073a3962bb9966556"
  name = "golang.org/x/net"
  packages = [
    "internal/socks",
    "proxy",
  ]
  pruneopts = "UT"
  revision = "c0dbc17a35534bf2e581d7a942408dc936316da4"

[[projects]]
  branch = "master"
  digest = "1:b521f10a2d8fa85c04a8ef4e62f2d1e14d303599a55d64dabf9f5a02f84d35eb"
  name = "golang.org/x/sync"
  packages = ["errgroup"]
  pruneopts = "UT"
  revision = "cd5d95a43a6e21273425c7ae415d3df9ea832eeb"

[[projects]]
  branch = "master"
  digest = "1:c8faf148023f13e62a93d3ed6c01fc586b3c6b52a40c5c9b0f2220bae71f390a"
  name = "golang.org/x/sys"
  packages = [
    "unix",
    "windows",
  ]
  pruneopts = "UT"
  revision = "548cf772de5052aa878ccb47cdeb7d262b75c8ec"

[[projects]]
  branch = "master"
  digest = "1:583a0c80f5e3a9343d33aea4aead1e1afcc0043db66fdf961ddd1fe8cd3a4faf"
  name = "google.golang.org/genproto"
  packages = ["googleapis/rpc/status"]
  pruneopts = "UT"
  revision = "bd8f9a0ef82f9870cb10caef4f23c348069600cb"

[[projects]]
  digest = "1:d752af20a3cb9b197031ed2cef7418f47a1afccf840f65debd7e68c20d85c366"
  name = "google.golang.org/grpc"
  packages = [
    "codes",
    "connectivity",
    "grpclog",
    "internal",
    "status",
  ]
  pruneopts = "UT"
  revision = "f5b0812e6fe574d90da76b205e9eb51f6ddb1919"
  version = "v1.26.0"

[[projects]]
  digest = "1:b75b3deb2bce8bc079e16bb2aecfe01eb80098f5650f9e93e5643ca8b7b73737"
  name = "gopkg.in/yaml.v2"
  packages = ["."]
  pruneopts = "UT"
  revision = "1f64d6156d11335c3f22d9330b0ad14fc1e789ce"
  version = "v2.2.7"

[solve-meta]
  analyzer-name = "dep"
  analyzer-version = 1
  input-imports = [
    "code.cloudfoundry.org/lager",
    "github.com/Masterminds/sprig",
    "github.com/gocraft/dbr",
    "github.com/google/uuid",
    "github.com/gorilla/handlers",
    "github.com/kyma-incubator/compass/components/provisioner/pkg/gqlschema",
    "github.com/kyma-incubator/compass/tests/provisioner-tests/test/testkit/graphql",
    "github.com/lib/pq",
    "github.com/machinebox/graphql",
    "github.com/pivotal-cf/brokerapi",
    "github.com/pivotal-cf/brokerapi/domain",
    "github.com/pivotal-cf/brokerapi/v7/domain",
    "github.com/pivotal-cf/brokerapi/v7/domain/apiresponses",
    "github.com/pkg/errors",
    "github.com/sanity-io/litter",
    "github.com/sirupsen/logrus",
    "github.com/stretchr/testify/assert",
    "github.com/stretchr/testify/require",
    "github.com/testcontainers/testcontainers-go",
    "github.com/testcontainers/testcontainers-go/wait",
    "github.com/vrischmann/envconfig",
  ]
  solver-name = "gps-cdcl"
  solver-version = 1
