# This file is autogenerated, do not edit; changes may be undone by the next 'dep ensure'.


[[projects]]
  digest = "1:f754f76822450dcc04043908ef2b68e92632d8f1371384fec54f9e60fcdd1e9d"
  name = "github.com/99designs/gqlgen"
  packages = [
    "graphql",
    "graphql/introspection",
  ]
  pruneopts = ""
  revision = "a7bc468ca1b184a5ce1b07ea331e0121fc56ae82"
  version = "v0.9.3"

[[projects]]
  digest = "1:3363a8a959a26feaeb9824ec5a361d50e1acaf8e9fa352064b865bacc451da66"
  name = "github.com/agnivade/levenshtein"
  packages = ["."]
  pruneopts = ""
  revision = "51b298ff305e72cfd29166dccc3f9878e82f9fdc"
  version = "v1.0.2"

[[projects]]
  branch = "master"
  digest = "1:76dee279815e328b42a0eaaa0fc0d89ebc8151f29e3f9c4e49e800fcc055a688"
  name = "github.com/kyma-incubator/compass"
  packages = ["components/provisioner/pkg/gqlschema"]
  pruneopts = ""
  revision = "1ef32a23ef77168262acd66879bd86d79f3de9f9"

[[projects]]
  digest = "1:953a3dedbd5d1c988528b0aa45b6fae0e449e342adec639ad398dd858804c5ca"
  name = "github.com/machinebox/graphql"
  packages = ["."]
  pruneopts = ""
  revision = "05b17f3157491bbfa5d6fc2006443a272d960d15"
  version = "v0.2.2"

[[projects]]
  digest = "1:1d7e1867c49a6dd9856598ef7c3123604ea3daabf5b83f303ff457bcbc410b1d"
  name = "github.com/pkg/errors"
  packages = ["."]
  pruneopts = ""
  revision = "ba968bfe8b2f7e042a574c888954fccecfa385b4"
  version = "v0.8.1"

[[projects]]
  digest = "1:6865dfbc0c5bbeaad0ef762dd36330d01a32ca50318a3dd9a5ed3a332c7b263b"
  name = "github.com/vektah/gqlparser"
  packages = [
    ".",
    "ast",
    "gqlerror",
    "lexer",
    "parser",
    "validator",
    "validator/rules",
  ]
  pruneopts = ""
  revision = "05741cdb0871330d8bc980d4afd21ab34eceee83"
  version = "v1.1.2"

[[projects]]
  digest = "1:3582b2a952f93c863486d0bf56827e2db4e78d970a101d597bc6359587f3936a"
  name = "github.com/vrischmann/envconfig"
  packages = ["."]
  pruneopts = ""
  revision = "cf601e2565a0a7c7418ed014d28a507be6cb1e45"
  version = "v1.2.0"

[[projects]]
  branch = "master"
  digest = "1:1b4fd41c8f091a7e3520464fd38c9b5c477556b4fb75de1a016b55be74e7d572"
  name = "golang.org/x/tools"
  packages = [
    "cmd/goimports",
    "go/ast/astutil",
    "go/gcexportdata",
    "go/internal/gcimporter",
    "go/internal/packagesdriver",
    "go/packages",
    "go/types/typeutil",
    "internal/fastwalk",
    "internal/gopathwalk",
    "internal/imports",
    "internal/module",
    "internal/semver",
  ]
  pruneopts = ""
  revision = "be0da057c5e3c2df569a2c25cd280149b7d7e7d0"

[solve-meta]
  analyzer-name = "dep"
  analyzer-version = 1
  input-imports = [
    "github.com/kyma-incubator/compass/components/provisioner/pkg/gqlschema",
    "github.com/machinebox/graphql",
    "github.com/pkg/errors",
    "github.com/vrischmann/envconfig",
    "golang.org/x/tools/cmd/goimports",
  ]
  solver-name = "gps-cdcl"
  solver-version = 1
